PATH
  remote: .
  specs:
    gemoji (4.1.0)

GEM
  remote: https://rubygems.org/
  specs:
    concurrent-ruby (1.1.7)
    i18n (1.8.5)
      concurrent-ruby (~> 1.0)
    minitest (5.12.0)
    rake (10.3.2)

PLATFORMS
  ruby

DEPENDENCIES
  gemoji!
  i18n (~> 1.8.5)
  minitest (~> 5.12.0)
  rake (~> 10.3.2)

BUNDLED WITH
   2.4.10
